
Microsoft Visual Studio Solution File, Format Version 12.00
Project("{FAE04EC0-301F-11D3-BF4B-00C04F79EFBC}") = "WebApplication1", "WebApplication1\WebApplication1.csproj", "{F045663D-65B7-47E0-A74C-2C1F89402552}"
EndProject
Global
	GlobalSection(SolutionConfigurationPlatforms) = preSolution
		Debug|Any CPU = Debug|Any CPU
		Release|Any CPU = Release|Any CPU
	EndGlobalSection
	GlobalSection(ProjectConfigurationPlatforms) = postSolution
		{F045663D-65B7-47E0-A74C-2C1F89402552}.Debug|Any CPU.ActiveCfg = Debug|Any CPU
		{F045663D-65B7-47E0-A74C-2C1F89402552}.Debug|Any CPU.Build.0 = Debug|Any CPU
		{F045663D-65B7-47E0-A74C-2C1F89402552}.Release|Any CPU.ActiveCfg = Release|Any CPU
		{F045663D-65B7-47E0-A74C-2C1F89402552}.Release|Any CPU.Build.0 = Release|Any CPU
	EndGlobalSection
EndGlobal
