
Microsoft Visual Studio Solution File, Format Version 12.00
# Visual Studio Version 17
VisualStudioVersion = 17.11.35431.28
MinimumVisualStudioVersion = 10.0.40219.1
Project("{FAE04EC0-301F-11D3-BF4B-00C04F79EFBC}") = "DemoThi", "DemoThi\DemoThi.csproj", "{08C084B7-1206-429F-9DA7-4AB67BAF68A1}"
EndProject
Global
	GlobalSection(SolutionConfigurationPlatforms) = preSolution
		Debug|Any CPU = Debug|Any CPU
		Release|Any CPU = Release|Any CPU
	EndGlobalSection
	GlobalSection(ProjectConfigurationPlatforms) = postSolution
		{08C084B7-1206-429F-9DA7-4AB67BAF68A1}.Debug|Any CPU.ActiveCfg = Debug|Any CPU
		{08C084B7-1206-429F-9DA7-4AB67BAF68A1}.Debug|Any CPU.Build.0 = Debug|Any CPU
		{08C084B7-1206-429F-9DA7-4AB67BAF68A1}.Release|Any CPU.ActiveCfg = Release|Any CPU
		{08C084B7-1206-429F-9DA7-4AB67BAF68A1}.Release|Any CPU.Build.0 = Release|Any CPU
	EndGlobalSection
	GlobalSection(SolutionProperties) = preSolution
		HideSolutionNode = FALSE
	EndGlobalSection
	GlobalSection(ExtensibilityGlobals) = postSolution
		SolutionGuid = {47F8F0F1-4451-47CC-89F5-7E445DE12E74}
	EndGlobalSection
EndGlobal
